
Microsoft Visual Studio Solution File, Format Version 12.00
# Visual Studio 15
VisualStudioVersion = 15.0.28307.168
MinimumVisualStudioVersion = 10.0.40219.1
Project("{FAE04EC0-301F-11D3-BF4B-00C04F79EFBC}") = "AspCoreApp", "AspCoreApp\AspCoreApp.csproj", "{F4F62B25-90FF-492A-87BB-8F877D33FAFD}"
EndProject
Global
	GlobalSection(SolutionConfigurationPlatforms) = preSolution
		Debug|Any CPU = Debug|Any CPU
		Release|Any CPU = Release|Any CPU
	EndGlobalSection
	GlobalSection(ProjectConfigurationPlatforms) = postSolution
		{F4F62B25-90FF-492A-87BB-8F877D33FAFD}.Debug|Any CPU.ActiveCfg = Debug|Any CPU
		{F4F62B25-90FF-492A-87BB-8F877D33FAFD}.Debug|Any CPU.Build.0 = Debug|Any CPU
		{F4F62B25-90FF-492A-87BB-8F877D33FAFD}.Release|Any CPU.ActiveCfg = Release|Any CPU
		{F4F62B25-90FF-492A-87BB-8F877D33FAFD}.Release|Any CPU.Build.0 = Release|Any CPU
	EndGlobalSection
	GlobalSection(SolutionProperties) = preSolution
		HideSolutionNode = FALSE
	EndGlobalSection
	GlobalSection(ExtensibilityGlobals) = postSolution
		SolutionGuid = {F5521DE9-4B06-47AC-B864-CA1FCC5E2A3F}
	EndGlobalSection
EndGlobal
